
Microsoft Visual Studio Solution File, Format Version 12.00
# Visual Studio 14
VisualStudioVersion = 14.0.25420.1
MinimumVisualStudioVersion = 10.0.40219.1
Project("{F184B08F-C81C-45F6-A57F-5ABD9991F28F}") = "LectorTrackingORAD", "LectorTrackingORAD\LectorTrackingORAD.vbproj", "{692CD834-83F7-4D5B-AC1C-92E79F902064}"
EndProject
Project("{FAE04EC0-301F-11D3-BF4B-00C04F79EFBC}") = "GSTools", "..\GSFilters\GSTools\GSTools.csproj", "{2C72E154-A6F1-4236-9404-5756E5A15325}"
EndProject
Global
	GlobalSection(SolutionConfigurationPlatforms) = preSolution
		Debug|Any CPU = Debug|Any CPU
		Release|Any CPU = Release|Any CPU
	EndGlobalSection
	GlobalSection(ProjectConfigurationPlatforms) = postSolution
		{692CD834-83F7-4D5B-AC1C-92E79F902064}.Debug|Any CPU.ActiveCfg = Debug|Any CPU
		{692CD834-83F7-4D5B-AC1C-92E79F902064}.Debug|Any CPU.Build.0 = Debug|Any CPU
		{692CD834-83F7-4D5B-AC1C-92E79F902064}.Release|Any CPU.ActiveCfg = Release|Any CPU
		{692CD834-83F7-4D5B-AC1C-92E79F902064}.Release|Any CPU.Build.0 = Release|Any CPU
		{2C72E154-A6F1-4236-9404-5756E5A15325}.Debug|Any CPU.ActiveCfg = Debug|Any CPU
		{2C72E154-A6F1-4236-9404-5756E5A15325}.Debug|Any CPU.Build.0 = Debug|Any CPU
		{2C72E154-A6F1-4236-9404-5756E5A15325}.Release|Any CPU.ActiveCfg = Release|Any CPU
		{2C72E154-A6F1-4236-9404-5756E5A15325}.Release|Any CPU.Build.0 = Release|Any CPU
	EndGlobalSection
	GlobalSection(SolutionProperties) = preSolution
		HideSolutionNode = FALSE
	EndGlobalSection
EndGlobal
