
Microsoft Visual Studio Solution File, Format Version 12.00
# Visual Studio 14
VisualStudioVersion = 14.0.25420.1
MinimumVisualStudioVersion = 10.0.40219.1
Project("{F184B08F-C81C-45F6-A57F-5ABD9991F28F}") = "LectorTrackingORAD", "LectorTrackingORAD\LectorTrackingORAD.vbproj", "{692CD834-83F7-4D5B-AC1C-92E79F902064}"
EndProject
Project("{54435603-DBB4-11D2-8724-00A0C9A8B90C}") = "Setup_LectorTrackingORAD", "Setup_LectorTrackingORAD\Setup_LectorTrackingORAD.vdproj", "{36DB889E-86F5-4B21-8ECF-50D53A2C6B7B}"
EndProject
Global
	GlobalSection(SolutionConfigurationPlatforms) = preSolution
		Debug|Any CPU = Debug|Any CPU
		Release|Any CPU = Release|Any CPU
	EndGlobalSection
	GlobalSection(ProjectConfigurationPlatforms) = postSolution
		{692CD834-83F7-4D5B-AC1C-92E79F902064}.Debug|Any CPU.ActiveCfg = Debug|Any CPU
		{692CD834-83F7-4D5B-AC1C-92E79F902064}.Debug|Any CPU.Build.0 = Debug|Any CPU
		{692CD834-83F7-4D5B-AC1C-92E79F902064}.Release|Any CPU.ActiveCfg = Release|Any CPU
		{692CD834-83F7-4D5B-AC1C-92E79F902064}.Release|Any CPU.Build.0 = Release|Any CPU
		{36DB889E-86F5-4B21-8ECF-50D53A2C6B7B}.Debug|Any CPU.ActiveCfg = Debug
		{36DB889E-86F5-4B21-8ECF-50D53A2C6B7B}.Release|Any CPU.ActiveCfg = Release
	EndGlobalSection
	GlobalSection(SolutionProperties) = preSolution
		HideSolutionNode = FALSE
	EndGlobalSection
EndGlobal
